# This file is automatically @generated by Cargo.
# It is not intended for manual editing.
version = 4

[[package]]
name = "bootloader_api"
version = "0.11.8"
source = "registry+https://github.com/rust-lang/crates.io-index"
checksum = "99adba6d383d3b4b367b9ae41e8347ffe4d88efe247af76d00fd029e4fbb3076"

[[package]]
name = "kernel"
version = "0.1.0"
dependencies = [
 "bootloader_api",
]
